// !$*UTF8*$!
{
	archiveVersion = 1;
	classes = {
	};
	objectVersion = 46;
	objects = {

/* Begin PBXBuildFile section */
		6AB9D33D2703F862F12CA68D /* Pods_SwiftyProjects.framework in Frameworks */ = {isa = PBXBuildFile; fileRef = A0735840ED942EACBA611A84 /* Pods_SwiftyProjects.framework */; };
		FA184FA81C601E6C00C4238C /* ContainerViewController.swift in Sources */ = {isa = PBXBuildFile; fileRef = FA184FA71C601E6C00C4238C /* ContainerViewController.swift */; };
		FA184FAA1C601E7700C4238C /* ContainedViewController.swift in Sources */ = {isa = PBXBuildFile; fileRef = FA184FA91C601E7700C4238C /* ContainedViewController.swift */; };
		FA1C39BC1C5C6A620016E88C /* AppDelegate.swift in Sources */ = {isa = PBXBuildFile; fileRef = FA1C39BB1C5C6A620016E88C /* AppDelegate.swift */; };
		FA1C39BE1C5C6A620016E88C /* ViewController.swift in Sources */ = {isa = PBXBuildFile; fileRef = FA1C39BD1C5C6A620016E88C /* ViewController.swift */; };
		FA1C39C11C5C6A620016E88C /* Main.storyboard in Resources */ = {isa = PBXBuildFile; fileRef = FA1C39BF1C5C6A620016E88C /* Main.storyboard */; };
		FA1C39C31C5C6A620016E88C /* Assets.xcassets in Resources */ = {isa = PBXBuildFile; fileRef = FA1C39C21C5C6A620016E88C /* Assets.xcassets */; };
		FA1C39C61C5C6A620016E88C /* LaunchScreen.storyboard in Resources */ = {isa = PBXBuildFile; fileRef = FA1C39C41C5C6A620016E88C /* LaunchScreen.storyboard */; };
		FA1C39D11C5C6A620016E88C /* SwiftyProjectsTests.swift in Sources */ = {isa = PBXBuildFile; fileRef = FA1C39D01C5C6A620016E88C /* SwiftyProjectsTests.swift */; };
		FA1C39DC1C5C6A620016E88C /* SwiftyProjectsUITests.swift in Sources */ = {isa = PBXBuildFile; fileRef = FA1C39DB1C5C6A620016E88C /* SwiftyProjectsUITests.swift */; };
		FA1C39EA1C5C6C400016E88C /* ProjectsViewModel.swift in Sources */ = {isa = PBXBuildFile; fileRef = FA1C39E91C5C6C400016E88C /* ProjectsViewModel.swift */; };
		FA8DB4131C5C7A7A00901A00 /* Observation.swift in Sources */ = {isa = PBXBuildFile; fileRef = FA8DB4121C5C7A7A00901A00 /* Observation.swift */; };
		FA8DB4151C5C84BB00901A00 /* Photo.swift in Sources */ = {isa = PBXBuildFile; fileRef = FA8DB4141C5C84BB00901A00 /* Photo.swift */; };
		FA8DB4171C5C898F00901A00 /* ObsCell.swift in Sources */ = {isa = PBXBuildFile; fileRef = FA8DB4161C5C898F00901A00 /* ObsCell.swift */; };
		FA8DB41F1C5C8F7F00901A00 /* Taxon.swift in Sources */ = {isa = PBXBuildFile; fileRef = FA8DB41E1C5C8F7F00901A00 /* Taxon.swift */; };
		FA8DB4211C5C8F8700901A00 /* TaxonCount.swift in Sources */ = {isa = PBXBuildFile; fileRef = FA8DB4201C5C8F8700901A00 /* TaxonCount.swift */; };
		FA8DB4231C5C91E600901A00 /* TaxonCountCell.swift in Sources */ = {isa = PBXBuildFile; fileRef = FA8DB4221C5C91E600901A00 /* TaxonCountCell.swift */; };
		FA8DB4251C5CA64600901A00 /* Project.swift in Sources */ = {isa = PBXBuildFile; fileRef = FA8DB4241C5CA64600901A00 /* Project.swift */; };
		FA8DB4271C5CB5BB00901A00 /* User.swift in Sources */ = {isa = PBXBuildFile; fileRef = FA8DB4261C5CB5BB00901A00 /* User.swift */; };
		FA8DB4291C5CB5C300901A00 /* UserCount.swift in Sources */ = {isa = PBXBuildFile; fileRef = FA8DB4281C5CB5C300901A00 /* UserCount.swift */; };
		FA8DB42B1C5CBA7500901A00 /* UserCountCell.swift in Sources */ = {isa = PBXBuildFile; fileRef = FA8DB42A1C5CBA7500901A00 /* UserCountCell.swift */; };
/* End PBXBuildFile section */

/* Begin PBXContainerItemProxy section */
		FA1C39CD1C5C6A620016E88C /* PBXContainerItemProxy */ = {
			isa = PBXContainerItemProxy;
			containerPortal = FA1C39B01C5C6A620016E88C /* Project object */;
			proxyType = 1;
			remoteGlobalIDString = FA1C39B71C5C6A620016E88C;
			remoteInfo = SwiftyProjects;
		};
		FA1C39D81C5C6A620016E88C /* PBXContainerItemProxy */ = {
			isa = PBXContainerItemProxy;
			containerPortal = FA1C39B01C5C6A620016E88C /* Project object */;
			proxyType = 1;
			remoteGlobalIDString = FA1C39B71C5C6A620016E88C;
			remoteInfo = SwiftyProjects;
		};
/* End PBXContainerItemProxy section */

/* Begin PBXFileReference section */
		9D377B121EBBA1951CE5CB06 /* Pods-SwiftyProjects.release.xcconfig */ = {isa = PBXFileReference; includeInIndex = 1; lastKnownFileType = text.xcconfig; name = "Pods-SwiftyProjects.release.xcconfig"; path = "Pods/Target Support Files/Pods-SwiftyProjects/Pods-SwiftyProjects.release.xcconfig"; sourceTree = "<group>"; };
		A0735840ED942EACBA611A84 /* Pods_SwiftyProjects.framework */ = {isa = PBXFileReference; explicitFileType = wrapper.framework; includeInIndex = 0; path = Pods_SwiftyProjects.framework; sourceTree = BUILT_PRODUCTS_DIR; };
		A438811125C672B7992C70B9 /* Pods-SwiftyProjects.debug.xcconfig */ = {isa = PBXFileReference; includeInIndex = 1; lastKnownFileType = text.xcconfig; name = "Pods-SwiftyProjects.debug.xcconfig"; path = "Pods/Target Support Files/Pods-SwiftyProjects/Pods-SwiftyProjects.debug.xcconfig"; sourceTree = "<group>"; };
		FA184FA71C601E6C00C4238C /* ContainerViewController.swift */ = {isa = PBXFileReference; fileEncoding = 4; lastKnownFileType = sourcecode.swift; path = ContainerViewController.swift; sourceTree = "<group>"; };
		FA184FA91C601E7700C4238C /* ContainedViewController.swift */ = {isa = PBXFileReference; fileEncoding = 4; lastKnownFileType = sourcecode.swift; path = ContainedViewController.swift; sourceTree = "<group>"; };
		FA1C39B81C5C6A620016E88C /* SwiftyProjects.app */ = {isa = PBXFileReference; explicitFileType = wrapper.application; includeInIndex = 0; path = SwiftyProjects.app; sourceTree = BUILT_PRODUCTS_DIR; };
		FA1C39BB1C5C6A620016E88C /* AppDelegate.swift */ = {isa = PBXFileReference; lastKnownFileType = sourcecode.swift; path = AppDelegate.swift; sourceTree = "<group>"; };
		FA1C39BD1C5C6A620016E88C /* ViewController.swift */ = {isa = PBXFileReference; lastKnownFileType = sourcecode.swift; path = ViewController.swift; sourceTree = "<group>"; };
		FA1C39C01C5C6A620016E88C /* Base */ = {isa = PBXFileReference; lastKnownFileType = file.storyboard; name = Base; path = Base.lproj/Main.storyboard; sourceTree = "<group>"; };
		FA1C39C21C5C6A620016E88C /* Assets.xcassets */ = {isa = PBXFileReference; lastKnownFileType = folder.assetcatalog; path = Assets.xcassets; sourceTree = "<group>"; };
		FA1C39C51C5C6A620016E88C /* Base */ = {isa = PBXFileReference; lastKnownFileType = file.storyboard; name = Base; path = Base.lproj/LaunchScreen.storyboard; sourceTree = "<group>"; };
		FA1C39C71C5C6A620016E88C /* Info.plist */ = {isa = PBXFileReference; lastKnownFileType = text.plist.xml; path = Info.plist; sourceTree = "<group>"; };
		FA1C39CC1C5C6A620016E88C /* SwiftyProjectsTests.xctest */ = {isa = PBXFileReference; explicitFileType = wrapper.cfbundle; includeInIndex = 0; path = SwiftyProjectsTests.xctest; sourceTree = BUILT_PRODUCTS_DIR; };
		FA1C39D01C5C6A620016E88C /* SwiftyProjectsTests.swift */ = {isa = PBXFileReference; lastKnownFileType = sourcecode.swift; path = SwiftyProjectsTests.swift; sourceTree = "<group>"; };
		FA1C39D21C5C6A620016E88C /* Info.plist */ = {isa = PBXFileReference; lastKnownFileType = text.plist.xml; path = Info.plist; sourceTree = "<group>"; };
		FA1C39D71C5C6A620016E88C /* SwiftyProjectsUITests.xctest */ = {isa = PBXFileReference; explicitFileType = wrapper.cfbundle; includeInIndex = 0; path = SwiftyProjectsUITests.xctest; sourceTree = BUILT_PRODUCTS_DIR; };
		FA1C39DB1C5C6A620016E88C /* SwiftyProjectsUITests.swift */ = {isa = PBXFileReference; lastKnownFileType = sourcecode.swift; path = SwiftyProjectsUITests.swift; sourceTree = "<group>"; };
		FA1C39DD1C5C6A620016E88C /* Info.plist */ = {isa = PBXFileReference; lastKnownFileType = text.plist.xml; path = Info.plist; sourceTree = "<group>"; };
		FA1C39E91C5C6C400016E88C /* ProjectsViewModel.swift */ = {isa = PBXFileReference; fileEncoding = 4; lastKnownFileType = sourcecode.swift; path = ProjectsViewModel.swift; sourceTree = "<group>"; };
		FA8DB4121C5C7A7A00901A00 /* Observation.swift */ = {isa = PBXFileReference; fileEncoding = 4; lastKnownFileType = sourcecode.swift; path = Observation.swift; sourceTree = "<group>"; };
		FA8DB4141C5C84BB00901A00 /* Photo.swift */ = {isa = PBXFileReference; fileEncoding = 4; lastKnownFileType = sourcecode.swift; path = Photo.swift; sourceTree = "<group>"; };
		FA8DB4161C5C898F00901A00 /* ObsCell.swift */ = {isa = PBXFileReference; fileEncoding = 4; lastKnownFileType = sourcecode.swift; path = ObsCell.swift; sourceTree = "<group>"; };
		FA8DB41E1C5C8F7F00901A00 /* Taxon.swift */ = {isa = PBXFileReference; fileEncoding = 4; lastKnownFileType = sourcecode.swift; path = Taxon.swift; sourceTree = "<group>"; };
		FA8DB4201C5C8F8700901A00 /* TaxonCount.swift */ = {isa = PBXFileReference; fileEncoding = 4; lastKnownFileType = sourcecode.swift; path = TaxonCount.swift; sourceTree = "<group>"; };
		FA8DB4221C5C91E600901A00 /* TaxonCountCell.swift */ = {isa = PBXFileReference; fileEncoding = 4; lastKnownFileType = sourcecode.swift; path = TaxonCountCell.swift; sourceTree = "<group>"; };
		FA8DB4241C5CA64600901A00 /* Project.swift */ = {isa = PBXFileReference; fileEncoding = 4; lastKnownFileType = sourcecode.swift; path = Project.swift; sourceTree = "<group>"; };
		FA8DB4261C5CB5BB00901A00 /* User.swift */ = {isa = PBXFileReference; fileEncoding = 4; lastKnownFileType = sourcecode.swift; path = User.swift; sourceTree = "<group>"; };
		FA8DB4281C5CB5C300901A00 /* UserCount.swift */ = {isa = PBXFileReference; fileEncoding = 4; lastKnownFileType = sourcecode.swift; path = UserCount.swift; sourceTree = "<group>"; };
		FA8DB42A1C5CBA7500901A00 /* UserCountCell.swift */ = {isa = PBXFileReference; fileEncoding = 4; lastKnownFileType = sourcecode.swift; path = UserCountCell.swift; sourceTree = "<group>"; };
/* End PBXFileReference section */

/* Begin PBXFrameworksBuildPhase section */
		FA1C39B51C5C6A620016E88C /* Frameworks */ = {
			isa = PBXFrameworksBuildPhase;
			buildActionMask = 2147483647;
			files = (
				6AB9D33D2703F862F12CA68D /* Pods_SwiftyProjects.framework in Frameworks */,
			);
			runOnlyForDeploymentPostprocessing = 0;
		};
		FA1C39C91C5C6A620016E88C /* Frameworks */ = {
			isa = PBXFrameworksBuildPhase;
			buildActionMask = 2147483647;
			files = (
			);
			runOnlyForDeploymentPostprocessing = 0;
		};
		FA1C39D41C5C6A620016E88C /* Frameworks */ = {
			isa = PBXFrameworksBuildPhase;
			buildActionMask = 2147483647;
			files = (
			);
			runOnlyForDeploymentPostprocessing = 0;
		};
/* End PBXFrameworksBuildPhase section */

/* Begin PBXGroup section */
		1EA76CA51B74628C3FCED3B1 /* Frameworks */ = {
			isa = PBXGroup;
			children = (
				A0735840ED942EACBA611A84 /* Pods_SwiftyProjects.framework */,
			);
			name = Frameworks;
			sourceTree = "<group>";
		};
		FA1C39AF1C5C6A620016E88C = {
			isa = PBXGroup;
			children = (
				FA1C39BA1C5C6A620016E88C /* SwiftyProjects */,
				FA1C39CF1C5C6A620016E88C /* SwiftyProjectsTests */,
				FA1C39DA1C5C6A620016E88C /* SwiftyProjectsUITests */,
				FA1C39B91C5C6A620016E88C /* Products */,
				FC6F644430EDAE8A5A2E7454 /* Pods */,
				1EA76CA51B74628C3FCED3B1 /* Frameworks */,
			);
			sourceTree = "<group>";
		};
		FA1C39B91C5C6A620016E88C /* Products */ = {
			isa = PBXGroup;
			children = (
				FA1C39B81C5C6A620016E88C /* SwiftyProjects.app */,
				FA1C39CC1C5C6A620016E88C /* SwiftyProjectsTests.xctest */,
				FA1C39D71C5C6A620016E88C /* SwiftyProjectsUITests.xctest */,
			);
			name = Products;
			sourceTree = "<group>";
		};
		FA1C39BA1C5C6A620016E88C /* SwiftyProjects */ = {
			isa = PBXGroup;
			children = (
				FA8DB41D1C5C8F4300901A00 /* View Models */,
				FA8DB41C1C5C8F3800901A00 /* View Controllers */,
				FA8DB41B1C5C8F2C00901A00 /* Supporting Files */,
				FA8DB41A1C5C8F2000901A00 /* UI */,
				FA8DB4191C5C8F1A00901A00 /* Views */,
				FA8DB4181C5C8F1500901A00 /* Model */,
				FA1C39BB1C5C6A620016E88C /* AppDelegate.swift */,
			);
			path = SwiftyProjects;
			sourceTree = "<group>";
		};
		FA1C39CF1C5C6A620016E88C /* SwiftyProjectsTests */ = {
			isa = PBXGroup;
			children = (
				FA1C39D01C5C6A620016E88C /* SwiftyProjectsTests.swift */,
				FA1C39D21C5C6A620016E88C /* Info.plist */,
			);
			path = SwiftyProjectsTests;
			sourceTree = "<group>";
		};
		FA1C39DA1C5C6A620016E88C /* SwiftyProjectsUITests */ = {
			isa = PBXGroup;
			children = (
				FA1C39DB1C5C6A620016E88C /* SwiftyProjectsUITests.swift */,
				FA1C39DD1C5C6A620016E88C /* Info.plist */,
			);
			path = SwiftyProjectsUITests;
			sourceTree = "<group>";
		};
		FA8DB4181C5C8F1500901A00 /* Model */ = {
			isa = PBXGroup;
			children = (
				FA8DB4121C5C7A7A00901A00 /* Observation.swift */,
				FA8DB4141C5C84BB00901A00 /* Photo.swift */,
				FA8DB41E1C5C8F7F00901A00 /* Taxon.swift */,
				FA8DB4201C5C8F8700901A00 /* TaxonCount.swift */,
				FA8DB4241C5CA64600901A00 /* Project.swift */,
				FA8DB4261C5CB5BB00901A00 /* User.swift */,
				FA8DB4281C5CB5C300901A00 /* UserCount.swift */,
			);
			name = Model;
			sourceTree = "<group>";
		};
		FA8DB4191C5C8F1A00901A00 /* Views */ = {
			isa = PBXGroup;
			children = (
				FA8DB4161C5C898F00901A00 /* ObsCell.swift */,
				FA8DB4221C5C91E600901A00 /* TaxonCountCell.swift */,
				FA8DB42A1C5CBA7500901A00 /* UserCountCell.swift */,
			);
			name = Views;
			sourceTree = "<group>";
		};
		FA8DB41A1C5C8F2000901A00 /* UI */ = {
			isa = PBXGroup;
			children = (
				FA1C39BF1C5C6A620016E88C /* Main.storyboard */,
				FA1C39C21C5C6A620016E88C /* Assets.xcassets */,
				FA1C39C41C5C6A620016E88C /* LaunchScreen.storyboard */,
			);
			name = UI;
			sourceTree = "<group>";
		};
		FA8DB41B1C5C8F2C00901A00 /* Supporting Files */ = {
			isa = PBXGroup;
			children = (
				FA1C39C71C5C6A620016E88C /* Info.plist */,
			);
			name = "Supporting Files";
			sourceTree = "<group>";
		};
		FA8DB41C1C5C8F3800901A00 /* View Controllers */ = {
			isa = PBXGroup;
			children = (
				FA1C39BD1C5C6A620016E88C /* ViewController.swift */,
				FA184FA71C601E6C00C4238C /* ContainerViewController.swift */,
				FA184FA91C601E7700C4238C /* ContainedViewController.swift */,
			);
			name = "View Controllers";
			sourceTree = "<group>";
		};
		FA8DB41D1C5C8F4300901A00 /* View Models */ = {
			isa = PBXGroup;
			children = (
				FA1C39E91C5C6C400016E88C /* ProjectsViewModel.swift */,
			);
			name = "View Models";
			sourceTree = "<group>";
		};
		FC6F644430EDAE8A5A2E7454 /* Pods */ = {
			isa = PBXGroup;
			children = (
				A438811125C672B7992C70B9 /* Pods-SwiftyProjects.debug.xcconfig */,
				9D377B121EBBA1951CE5CB06 /* Pods-SwiftyProjects.release.xcconfig */,
			);
			name = Pods;
			sourceTree = "<group>";
		};
/* End PBXGroup section */

/* Begin PBXNativeTarget section */
		FA1C39B71C5C6A620016E88C /* SwiftyProjects */ = {
			isa = PBXNativeTarget;
			buildConfigurationList = FA1C39E01C5C6A620016E88C /* Build configuration list for PBXNativeTarget "SwiftyProjects" */;
			buildPhases = (
				2290D63F6B5BCCF6B7F13C79 /* Check Pods Manifest.lock */,
				FA1C39B41C5C6A620016E88C /* Sources */,
				FA1C39B51C5C6A620016E88C /* Frameworks */,
				FA1C39B61C5C6A620016E88C /* Resources */,
				39E91D6A5F13F1F9E00F176A /* Embed Pods Frameworks */,
				F865F9DD187A096524E95F7C /* Copy Pods Resources */,
				FA8DB42C1C5CC39200901A00 /* ShellScript */,
			);
			buildRules = (
			);
			dependencies = (
			);
			name = SwiftyProjects;
			productName = SwiftyProjects;
			productReference = FA1C39B81C5C6A620016E88C /* SwiftyProjects.app */;
			productType = "com.apple.product-type.application";
		};
		FA1C39CB1C5C6A620016E88C /* SwiftyProjectsTests */ = {
			isa = PBXNativeTarget;
			buildConfigurationList = FA1C39E31C5C6A620016E88C /* Build configuration list for PBXNativeTarget "SwiftyProjectsTests" */;
			buildPhases = (
				FA1C39C81C5C6A620016E88C /* Sources */,
				FA1C39C91C5C6A620016E88C /* Frameworks */,
				FA1C39CA1C5C6A620016E88C /* Resources */,
			);
			buildRules = (
			);
			dependencies = (
				FA1C39CE1C5C6A620016E88C /* PBXTargetDependency */,
			);
			name = SwiftyProjectsTests;
			productName = SwiftyProjectsTests;
			productReference = FA1C39CC1C5C6A620016E88C /* SwiftyProjectsTests.xctest */;
			productType = "com.apple.product-type.bundle.unit-test";
		};
		FA1C39D61C5C6A620016E88C /* SwiftyProjectsUITests */ = {
			isa = PBXNativeTarget;
			buildConfigurationList = FA1C39E61C5C6A620016E88C /* Build configuration list for PBXNativeTarget "SwiftyProjectsUITests" */;
			buildPhases = (
				FA1C39D31C5C6A620016E88C /* Sources */,
				FA1C39D41C5C6A620016E88C /* Frameworks */,
				FA1C39D51C5C6A620016E88C /* Resources */,
			);
			buildRules = (
			);
			dependencies = (
				FA1C39D91C5C6A620016E88C /* PBXTargetDependency */,
			);
			name = SwiftyProjectsUITests;
			productName = SwiftyProjectsUITests;
			productReference = FA1C39D71C5C6A620016E88C /* SwiftyProjectsUITests.xctest */;
			productType = "com.apple.product-type.bundle.ui-testing";
		};
/* End PBXNativeTarget section */

/* Begin PBXProject section */
		FA1C39B01C5C6A620016E88C /* Project object */ = {
			isa = PBXProject;
			attributes = {
				LastSwiftUpdateCheck = 0720;
				LastUpgradeCheck = 0720;
				ORGANIZATIONNAME = "Alex Shepard";
				TargetAttributes = {
					FA1C39B71C5C6A620016E88C = {
						CreatedOnToolsVersion = 7.2;
						DevelopmentTeam = N5J7L4P93Z;
					};
					FA1C39CB1C5C6A620016E88C = {
						CreatedOnToolsVersion = 7.2;
						TestTargetID = FA1C39B71C5C6A620016E88C;
					};
					FA1C39D61C5C6A620016E88C = {
						CreatedOnToolsVersion = 7.2;
						TestTargetID = FA1C39B71C5C6A620016E88C;
					};
				};
			};
			buildConfigurationList = FA1C39B31C5C6A620016E88C /* Build configuration list for PBXProject "SwiftyProjects" */;
			compatibilityVersion = "Xcode 3.2";
			developmentRegion = English;
			hasScannedForEncodings = 0;
			knownRegions = (
				en,
				Base,
			);
			mainGroup = FA1C39AF1C5C6A620016E88C;
			productRefGroup = FA1C39B91C5C6A620016E88C /* Products */;
			projectDirPath = "";
			projectRoot = "";
			targets = (
				FA1C39B71C5C6A620016E88C /* SwiftyProjects */,
				FA1C39CB1C5C6A620016E88C /* SwiftyProjectsTests */,
				FA1C39D61C5C6A620016E88C /* SwiftyProjectsUITests */,
			);
		};
/* End PBXProject section */

/* Begin PBXResourcesBuildPhase section */
		FA1C39B61C5C6A620016E88C /* Resources */ = {
			isa = PBXResourcesBuildPhase;
			buildActionMask = 2147483647;
			files = (
				FA1C39C61C5C6A620016E88C /* LaunchScreen.storyboard in Resources */,
				FA1C39C31C5C6A620016E88C /* Assets.xcassets in Resources */,
				FA1C39C11C5C6A620016E88C /* Main.storyboard in Resources */,
			);
			runOnlyForDeploymentPostprocessing = 0;
		};
		FA1C39CA1C5C6A620016E88C /* Resources */ = {
			isa = PBXResourcesBuildPhase;
			buildActionMask = 2147483647;
			files = (
			);
			runOnlyForDeploymentPostprocessing = 0;
		};
		FA1C39D51C5C6A620016E88C /* Resources */ = {
			isa = PBXResourcesBuildPhase;
			buildActionMask = 2147483647;
			files = (
			);
			runOnlyForDeploymentPostprocessing = 0;
		};
/* End PBXResourcesBuildPhase section */

/* Begin PBXShellScriptBuildPhase section */
		2290D63F6B5BCCF6B7F13C79 /* Check Pods Manifest.lock */ = {
			isa = PBXShellScriptBuildPhase;
			buildActionMask = 2147483647;
			files = (
			);
			inputPaths = (
			);
			name = "Check Pods Manifest.lock";
			outputPaths = (
			);
			runOnlyForDeploymentPostprocessing = 0;
			shellPath = /bin/sh;
			shellScript = "diff \"${PODS_ROOT}/../Podfile.lock\" \"${PODS_ROOT}/Manifest.lock\" > /dev/null\nif [[ $? != 0 ]] ; then\n    cat << EOM\nerror: The sandbox is not in sync with the Podfile.lock. Run 'pod install' or update your CocoaPods installation.\nEOM\n    exit 1\nfi\n";
			showEnvVarsInLog = 0;
		};
		39E91D6A5F13F1F9E00F176A /* Embed Pods Frameworks */ = {
			isa = PBXShellScriptBuildPhase;
			buildActionMask = 2147483647;
			files = (
			);
			inputPaths = (
			);
			name = "Embed Pods Frameworks";
			outputPaths = (
			);
			runOnlyForDeploymentPostprocessing = 0;
			shellPath = /bin/sh;
			shellScript = "\"${SRCROOT}/Pods/Target Support Files/Pods-SwiftyProjects/Pods-SwiftyProjects-frameworks.sh\"\n";
			showEnvVarsInLog = 0;
		};
		F865F9DD187A096524E95F7C /* Copy Pods Resources */ = {
			isa = PBXShellScriptBuildPhase;
			buildActionMask = 2147483647;
			files = (
			);
			inputPaths = (
			);
			name = "Copy Pods Resources";
			outputPaths = (
			);
			runOnlyForDeploymentPostprocessing = 0;
			shellPath = /bin/sh;
			shellScript = "\"${SRCROOT}/Pods/Target Support Files/Pods-SwiftyProjects/Pods-SwiftyProjects-resources.sh\"\n";
			showEnvVarsInLog = 0;
		};
		FA8DB42C1C5CC39200901A00 /* ShellScript */ = {
			isa = PBXShellScriptBuildPhase;
			buildActionMask = 2147483647;
			files = (
			);
			inputPaths = (
			);
			outputPaths = (
			);
			runOnlyForDeploymentPostprocessing = 0;
			shellPath = /bin/sh;
			shellScript = "FABRIC_APIKEY=$(cat ${SRCROOT}/fabric.apikey)\nFABRIC_BUILDSECRET=$(cat ${SRCROOT}/fabric.buildsecret)\n\n./Pods/Fabric/Fabric.framework/run ${FABRIC_APIKEY} ${FABRIC_BUILDSECRET}";
		};
/* End PBXShellScriptBuildPhase section */

/* Begin PBXSourcesBuildPhase section */
		FA1C39B41C5C6A620016E88C /* Sources */ = {
			isa = PBXSourcesBuildPhase;
			buildActionMask = 2147483647;
			files = (
				FA8DB41F1C5C8F7F00901A00 /* Taxon.swift in Sources */,
				FA8DB4131C5C7A7A00901A00 /* Observation.swift in Sources */,
				FA184FAA1C601E7700C4238C /* ContainedViewController.swift in Sources */,
				FA184FA81C601E6C00C4238C /* ContainerViewController.swift in Sources */,
				FA1C39BE1C5C6A620016E88C /* ViewController.swift in Sources */,
				FA8DB4251C5CA64600901A00 /* Project.swift in Sources */,
				FA1C39EA1C5C6C400016E88C /* ProjectsViewModel.swift in Sources */,
				FA8DB4151C5C84BB00901A00 /* Photo.swift in Sources */,
				FA8DB4171C5C898F00901A00 /* ObsCell.swift in Sources */,
				FA8DB4231C5C91E600901A00 /* TaxonCountCell.swift in Sources */,
				FA8DB42B1C5CBA7500901A00 /* UserCountCell.swift in Sources */,
				FA8DB4211C5C8F8700901A00 /* TaxonCount.swift in Sources */,
				FA1C39BC1C5C6A620016E88C /* AppDelegate.swift in Sources */,
				FA8DB4291C5CB5C300901A00 /* UserCount.swift in Sources */,
				FA8DB4271C5CB5BB00901A00 /* User.swift in Sources */,
			);
			runOnlyForDeploymentPostprocessing = 0;
		};
		FA1C39C81C5C6A620016E88C /* Sources */ = {
			isa = PBXSourcesBuildPhase;
			buildActionMask = 2147483647;
			files = (
				FA1C39D11C5C6A620016E88C /* SwiftyProjectsTests.swift in Sources */,
			);
			runOnlyForDeploymentPostprocessing = 0;
		};
		FA1C39D31C5C6A620016E88C /* Sources */ = {
			isa = PBXSourcesBuildPhase;
			buildActionMask = 2147483647;
			files = (
				FA1C39DC1C5C6A620016E88C /* SwiftyProjectsUITests.swift in Sources */,
			);
			runOnlyForDeploymentPostprocessing = 0;
		};
/* End PBXSourcesBuildPhase section */

/* Begin PBXTargetDependency section */
		FA1C39CE1C5C6A620016E88C /* PBXTargetDependency */ = {
			isa = PBXTargetDependency;
			target = FA1C39B71C5C6A620016E88C /* SwiftyProjects */;
			targetProxy = FA1C39CD1C5C6A620016E88C /* PBXContainerItemProxy */;
		};
		FA1C39D91C5C6A620016E88C /* PBXTargetDependency */ = {
			isa = PBXTargetDependency;
			target = FA1C39B71C5C6A620016E88C /* SwiftyProjects */;
			targetProxy = FA1C39D81C5C6A620016E88C /* PBXContainerItemProxy */;
		};
/* End PBXTargetDependency section */

/* Begin PBXVariantGroup section */
		FA1C39BF1C5C6A620016E88C /* Main.storyboard */ = {
			isa = PBXVariantGroup;
			children = (
				FA1C39C01C5C6A620016E88C /* Base */,
			);
			name = Main.storyboard;
			sourceTree = "<group>";
		};
		FA1C39C41C5C6A620016E88C /* LaunchScreen.storyboard */ = {
			isa = PBXVariantGroup;
			children = (
				FA1C39C51C5C6A620016E88C /* Base */,
			);
			name = LaunchScreen.storyboard;
			sourceTree = "<group>";
		};
/* End PBXVariantGroup section */

/* Begin XCBuildConfiguration section */
		FA1C39DE1C5C6A620016E88C /* Debug */ = {
			isa = XCBuildConfiguration;
			buildSettings = {
				ALWAYS_SEARCH_USER_PATHS = NO;
				CLANG_CXX_LANGUAGE_STANDARD = "gnu++0x";
				CLANG_CXX_LIBRARY = "libc++";
				CLANG_ENABLE_MODULES = YES;
				CLANG_ENABLE_OBJC_ARC = YES;
				CLANG_WARN_BOOL_CONVERSION = YES;
				CLANG_WARN_CONSTANT_CONVERSION = YES;
				CLANG_WARN_DIRECT_OBJC_ISA_USAGE = YES_ERROR;
				CLANG_WARN_EMPTY_BODY = YES;
				CLANG_WARN_ENUM_CONVERSION = YES;
				CLANG_WARN_INT_CONVERSION = YES;
				CLANG_WARN_OBJC_ROOT_CLASS = YES_ERROR;
				CLANG_WARN_UNREACHABLE_CODE = YES;
				CLANG_WARN__DUPLICATE_METHOD_MATCH = YES;
				"CODE_SIGN_IDENTITY[sdk=iphoneos*]" = "iPhone Developer";
				COPY_PHASE_STRIP = NO;
				DEBUG_INFORMATION_FORMAT = dwarf;
				ENABLE_STRICT_OBJC_MSGSEND = YES;
				ENABLE_TESTABILITY = YES;
				GCC_C_LANGUAGE_STANDARD = gnu99;
				GCC_DYNAMIC_NO_PIC = NO;
				GCC_NO_COMMON_BLOCKS = YES;
				GCC_OPTIMIZATION_LEVEL = 0;
				GCC_PREPROCESSOR_DEFINITIONS = (
					"DEBUG=1",
					"$(inherited)",
				);
				GCC_WARN_64_TO_32_BIT_CONVERSION = YES;
				GCC_WARN_ABOUT_RETURN_TYPE = YES_ERROR;
				GCC_WARN_UNDECLARED_SELECTOR = YES;
				GCC_WARN_UNINITIALIZED_AUTOS = YES_AGGRESSIVE;
				GCC_WARN_UNUSED_FUNCTION = YES;
				GCC_WARN_UNUSED_VARIABLE = YES;
				IPHONEOS_DEPLOYMENT_TARGET = 9.2;
				MTL_ENABLE_DEBUG_INFO = YES;
				ONLY_ACTIVE_ARCH = YES;
				SDKROOT = iphoneos;
				SWIFT_OPTIMIZATION_LEVEL = "-Onone";
				TARGETED_DEVICE_FAMILY = "1,2";
			};
			name = Debug;
		};
		FA1C39DF1C5C6A620016E88C /* Release */ = {
			isa = XCBuildConfiguration;
			buildSettings = {
				ALWAYS_SEARCH_USER_PATHS = NO;
				CLANG_CXX_LANGUAGE_STANDARD = "gnu++0x";
				CLANG_CXX_LIBRARY = "libc++";
				CLANG_ENABLE_MODULES = YES;
				CLANG_ENABLE_OBJC_ARC = YES;
				CLANG_WARN_BOOL_CONVERSION = YES;
				CLANG_WARN_CONSTANT_CONVERSION = YES;
				CLANG_WARN_DIRECT_OBJC_ISA_USAGE = YES_ERROR;
				CLANG_WARN_EMPTY_BODY = YES;
				CLANG_WARN_ENUM_CONVERSION = YES;
				CLANG_WARN_INT_CONVERSION = YES;
				CLANG_WARN_OBJC_ROOT_CLASS = YES_ERROR;
				CLANG_WARN_UNREACHABLE_CODE = YES;
				CLANG_WARN__DUPLICATE_METHOD_MATCH = YES;
				"CODE_SIGN_IDENTITY[sdk=iphoneos*]" = "iPhone Developer";
				COPY_PHASE_STRIP = NO;
				DEBUG_INFORMATION_FORMAT = "dwarf-with-dsym";
				ENABLE_NS_ASSERTIONS = NO;
				ENABLE_STRICT_OBJC_MSGSEND = YES;
				GCC_C_LANGUAGE_STANDARD = gnu99;
				GCC_NO_COMMON_BLOCKS = YES;
				GCC_WARN_64_TO_32_BIT_CONVERSION = YES;
				GCC_WARN_ABOUT_RETURN_TYPE = YES_ERROR;
				GCC_WARN_UNDECLARED_SELECTOR = YES;
				GCC_WARN_UNINITIALIZED_AUTOS = YES_AGGRESSIVE;
				GCC_WARN_UNUSED_FUNCTION = YES;
				GCC_WARN_UNUSED_VARIABLE = YES;
				IPHONEOS_DEPLOYMENT_TARGET = 9.2;
				MTL_ENABLE_DEBUG_INFO = NO;
				SDKROOT = iphoneos;
				TARGETED_DEVICE_FAMILY = "1,2";
				VALIDATE_PRODUCT = YES;
			};
			name = Release;
		};
		FA1C39E11C5C6A620016E88C /* Debug */ = {
			isa = XCBuildConfiguration;
			baseConfigurationReference = A438811125C672B7992C70B9 /* Pods-SwiftyProjects.debug.xcconfig */;
			buildSettings = {
				ASSETCATALOG_COMPILER_APPICON_NAME = AppIcon;
				CODE_SIGN_IDENTITY = "iPhone Developer";
				INFOPLIST_FILE = SwiftyProjects/Info.plist;
				LD_RUNPATH_SEARCH_PATHS = "$(inherited) @executable_path/Frameworks";
				PRODUCT_BUNDLE_IDENTIFIER = org.inaturalist.SwiftyProjects;
				PRODUCT_NAME = "$(TARGET_NAME)";
			};
			name = Debug;
		};
		FA1C39E21C5C6A620016E88C /* Release */ = {
			isa = XCBuildConfiguration;
			baseConfigurationReference = 9D377B121EBBA1951CE5CB06 /* Pods-SwiftyProjects.release.xcconfig */;
			buildSettings = {
				ASSETCATALOG_COMPILER_APPICON_NAME = AppIcon;
				CODE_SIGN_IDENTITY = "iPhone Developer";
				INFOPLIST_FILE = SwiftyProjects/Info.plist;
				LD_RUNPATH_SEARCH_PATHS = "$(inherited) @executable_path/Frameworks";
				PRODUCT_BUNDLE_IDENTIFIER = org.inaturalist.SwiftyProjects;
				PRODUCT_NAME = "$(TARGET_NAME)";
			};
			name = Release;
		};
		FA1C39E41C5C6A620016E88C /* Debug */ = {
			isa = XCBuildConfiguration;
			buildSettings = {
				BUNDLE_LOADER = "$(TEST_HOST)";
				INFOPLIST_FILE = SwiftyProjectsTests/Info.plist;
				LD_RUNPATH_SEARCH_PATHS = "$(inherited) @executable_path/Frameworks @loader_path/Frameworks";
				PRODUCT_BUNDLE_IDENTIFIER = org.inaturalist.SwiftyProjectsTests;
				PRODUCT_NAME = "$(TARGET_NAME)";
				TEST_HOST = "$(BUILT_PRODUCTS_DIR)/SwiftyProjects.app/SwiftyProjects";
			};
			name = Debug;
		};
		FA1C39E51C5C6A620016E88C /* Release */ = {
			isa = XCBuildConfiguration;
			buildSettings = {
				BUNDLE_LOADER = "$(TEST_HOST)";
				INFOPLIST_FILE = SwiftyProjectsTests/Info.plist;
				LD_RUNPATH_SEARCH_PATHS = "$(inherited) @executable_path/Frameworks @loader_path/Frameworks";
				PRODUCT_BUNDLE_IDENTIFIER = org.inaturalist.SwiftyProjectsTests;
				PRODUCT_NAME = "$(TARGET_NAME)";
				TEST_HOST = "$(BUILT_PRODUCTS_DIR)/SwiftyProjects.app/SwiftyProjects";
			};
			name = Release;
		};
		FA1C39E71C5C6A620016E88C /* Debug */ = {
			isa = XCBuildConfiguration;
			buildSettings = {
				INFOPLIST_FILE = SwiftyProjectsUITests/Info.plist;
				LD_RUNPATH_SEARCH_PATHS = "$(inherited) @executable_path/Frameworks @loader_path/Frameworks";
				PRODUCT_BUNDLE_IDENTIFIER = org.inaturalist.SwiftyProjectsUITests;
				PRODUCT_NAME = "$(TARGET_NAME)";
				TEST_TARGET_NAME = SwiftyProjects;
				USES_XCTRUNNER = YES;
			};
			name = Debug;
		};
		FA1C39E81C5C6A620016E88C /* Release */ = {
			isa = XCBuildConfiguration;
			buildSettings = {
				INFOPLIST_FILE = SwiftyProjectsUITests/Info.plist;
				LD_RUNPATH_SEARCH_PATHS = "$(inherited) @executable_path/Frameworks @loader_path/Frameworks";
				PRODUCT_BUNDLE_IDENTIFIER = org.inaturalist.SwiftyProjectsUITests;
				PRODUCT_NAME = "$(TARGET_NAME)";
				TEST_TARGET_NAME = SwiftyProjects;
				USES_XCTRUNNER = YES;
			};
			name = Release;
		};
/* End XCBuildConfiguration section */

/* Begin XCConfigurationList section */
		FA1C39B31C5C6A620016E88C /* Build configuration list for PBXProject "SwiftyProjects" */ = {
			isa = XCConfigurationList;
			buildConfigurations = (
				FA1C39DE1C5C6A620016E88C /* Debug */,
				FA1C39DF1C5C6A620016E88C /* Release */,
			);
			defaultConfigurationIsVisible = 0;
			defaultConfigurationName = Release;
		};
		FA1C39E01C5C6A620016E88C /* Build configuration list for PBXNativeTarget "SwiftyProjects" */ = {
			isa = XCConfigurationList;
			buildConfigurations = (
				FA1C39E11C5C6A620016E88C /* Debug */,
				FA1C39E21C5C6A620016E88C /* Release */,
			);
			defaultConfigurationIsVisible = 0;
			defaultConfigurationName = Release;
		};
		FA1C39E31C5C6A620016E88C /* Build configuration list for PBXNativeTarget "SwiftyProjectsTests" */ = {
			isa = XCConfigurationList;
			buildConfigurations = (
				FA1C39E41C5C6A620016E88C /* Debug */,
				FA1C39E51C5C6A620016E88C /* Release */,
			);
			defaultConfigurationIsVisible = 0;
			defaultConfigurationName = Release;
		};
		FA1C39E61C5C6A620016E88C /* Build configuration list for PBXNativeTarget "SwiftyProjectsUITests" */ = {
			isa = XCConfigurationList;
			buildConfigurations = (
				FA1C39E71C5C6A620016E88C /* Debug */,
				FA1C39E81C5C6A620016E88C /* Release */,
			);
			defaultConfigurationIsVisible = 0;
			defaultConfigurationName = Release;
		};
/* End XCConfigurationList section */
	};
	rootObject = FA1C39B01C5C6A620016E88C /* Project object */;
}
